
Microsoft Visual Studio Solution File, Format Version 12.00
# Visual Studio Version 17
VisualStudioVersion = 17.4.33122.133
MinimumVisualStudioVersion = 10.0.40219.1
Project("{9A19103F-16F7-4668-BE54-9A1E7A4F7556}") = "Variables_and_DataTypes", "Variables_and_DataTypes\Variables_and_DataTypes.csproj", "{8820C4D5-B594-4C7C-82C4-EC5B7EC7D41D}"
EndProject
Project("{9A19103F-16F7-4668-BE54-9A1E7A4F7556}") = "Type_Conversations", "Type_Conversations\Type_Conversations.csproj", "{FC225BB0-E5DC-4449-A2A0-0D8BA743A6E5}"
EndProject
Project("{9A19103F-16F7-4668-BE54-9A1E7A4F7556}") = "Operators", "Operators\Operators.csproj", "{3D618DD5-0EAD-4710-AB34-C373C32A2C23}"
EndProject
Project("{9A19103F-16F7-4668-BE54-9A1E7A4F7556}") = "ConditionStatements", "ConditionStatements\ConditionStatements.csproj", "{B12ED5C8-DDAC-42D9-950E-9DDC4A856D2E}"
EndProject
Project("{9A19103F-16F7-4668-BE54-9A1E7A4F7556}") = "Switch_Case", "Switch_Case\Switch_Case.csproj", "{D41A1C86-280D-4714-8629-C0FE42E307F1}"
EndProject
Project("{9A19103F-16F7-4668-BE54-9A1E7A4F7556}") = "For_Loop", "For_Loop\For_Loop.csproj", "{FF931B06-C824-4A39-BDC6-B3E449325DBD}"
EndProject
Project("{9A19103F-16F7-4668-BE54-9A1E7A4F7556}") = "WhileForeach", "WhileForeach\WhileForeach.csproj", "{2FE91500-3E9F-44DE-AB5F-544A7D435431}"
EndProject
Project("{9A19103F-16F7-4668-BE54-9A1E7A4F7556}") = "ArraysDemo", "ArraysDemo\ArraysDemo.csproj", "{84AF3EEC-C127-406F-8CCC-5B8C2A0972E4}"
EndProject
Project("{9A19103F-16F7-4668-BE54-9A1E7A4F7556}") = "ArrayMethodsDemo", "ArrayMethods\ArrayMethodsDemo.csproj", "{0C6AB9C6-D877-4AC9-B93C-8A07DD37E386}"
EndProject
Project("{9A19103F-16F7-4668-BE54-9A1E7A4F7556}") = "DefineMethod", "DefineMethod\DefineMethod.csproj", "{957E6503-33CE-4AD6-B0E7-5A9DDB95CE34}"
EndProject
Project("{9A19103F-16F7-4668-BE54-9A1E7A4F7556}") = "Methods_Overloading", "Methods_Overloading\Methods_Overloading.csproj", "{6E4A404B-3017-44AD-B11E-57805720CF15}"
EndProject
Project("{9A19103F-16F7-4668-BE54-9A1E7A4F7556}") = "Recursive_Extension", "Recursive_Extension\Recursive_Extension.csproj", "{1D54789D-722E-44B4-ADF3-D76007E33913}"
EndProject
Project("{9A19103F-16F7-4668-BE54-9A1E7A4F7556}") = "Algorithm_Questions", "Algorithm_Questions\Algorithm_Questions.csproj", "{95BE6FEC-6948-4825-BA9D-D1A9B7BB2658}"
EndProject
Project("{9A19103F-16F7-4668-BE54-9A1E7A4F7556}") = "StringMethods", "StringMethods\StringMethods.csproj", "{34EB4EE0-E052-4536-9588-5E9CFE4BB5E6}"
EndProject
Project("{9A19103F-16F7-4668-BE54-9A1E7A4F7556}") = "Math_Datetim_Methods", "Math_Datetim_Methods\Math_Datetim_Methods.csproj", "{1CDFE8B1-27C7-4C73-831B-E626C245733B}"
EndProject
Project("{9A19103F-16F7-4668-BE54-9A1E7A4F7556}") = "GenericCollection_List", "GenericCollection_List\GenericCollection_List.csproj", "{F916952D-A6F7-40A4-A19A-6798FF4FA175}"
EndProject
Project("{9A19103F-16F7-4668-BE54-9A1E7A4F7556}") = "Array_ListDemo", "Array_ListDemo\Array_ListDemo.csproj", "{72BBA944-F1CB-464C-8C6E-9FC4781DE818}"
EndProject
Project("{9A19103F-16F7-4668-BE54-9A1E7A4F7556}") = "Homework2", "Homework2\Homework2.csproj", "{94A0B13E-CBB3-4998-BA9B-F71C822BE77A}"
EndProject
Project("{9A19103F-16F7-4668-BE54-9A1E7A4F7556}") = "ClassDemo", "ClassDemo\ClassDemo.csproj", "{4B410E1B-8F95-481E-96E9-235FD5F1C840}"
EndProject
Project("{9A19103F-16F7-4668-BE54-9A1E7A4F7556}") = "AccessModifiersConstructor", "AccessModifiersConstructor\AccessModifiersConstructor.csproj", "{1169A064-B744-477F-9EB9-2B9411682F4F}"
EndProject
Project("{9A19103F-16F7-4668-BE54-9A1E7A4F7556}") = "EncapsulationProperty", "EncapsulationProperty\EncapsulationProperty.csproj", "{CFF44ABF-9C5D-4B28-A651-41CF3DA996AA}"
EndProject
Project("{9A19103F-16F7-4668-BE54-9A1E7A4F7556}") = "StaticClassMember", "StaticClassMember\StaticClassMember.csproj", "{8766FB92-C501-4AF0-AB95-447CB0A68E09}"
EndProject
Project("{9A19103F-16F7-4668-BE54-9A1E7A4F7556}") = "EnumDemo", "EnumDemo\EnumDemo.csproj", "{D1FD5E16-EFC3-44C3-B576-1E353FCECEC3}"
EndProject
Project("{9A19103F-16F7-4668-BE54-9A1E7A4F7556}") = "PhoneBook", "PhoneBook\PhoneBook.csproj", "{49888482-D0F1-444E-A45C-0AA40557AA8E}"
EndProject
Project("{9A19103F-16F7-4668-BE54-9A1E7A4F7556}") = "ToDoApplication", "ToDoApplication\ToDoApplication.csproj", "{CA68FD00-2BBA-4541-8572-3F6B853D2753}"
EndProject
Project("{9A19103F-16F7-4668-BE54-9A1E7A4F7556}") = "FibonacciCalculator", "FibonacciCalculator\FibonacciCalculator.csproj", "{1B9DDD8D-D2FD-48AA-BB5E-9CEC86C83B0B}"
EndProject
Project("{9A19103F-16F7-4668-BE54-9A1E7A4F7556}") = "TriangleDrawer", "TriangleDrawer\TriangleDrawer.csproj", "{2BEC9137-7FE9-471E-95D3-F5FF45FB7BB0}"
EndProject
Project("{9A19103F-16F7-4668-BE54-9A1E7A4F7556}") = "CircleDrawer", "CircleDrawer\CircleDrawer.csproj", "{25344E0F-83AE-42AA-8E16-78A58948FFDE}"
EndProject
Project("{9A19103F-16F7-4668-BE54-9A1E7A4F7556}") = "StringManipulator", "StringManipulator\StringManipulator.csproj", "{E6BC8729-B732-42B0-8F7A-29FD9F68B753}"
EndProject
Project("{9A19103F-16F7-4668-BE54-9A1E7A4F7556}") = "StringManipulator2", "StringManipulator2\StringManipulator2.csproj", "{D7F212E2-31F0-4435-8D81-E7A132DEFA99}"
EndProject
Project("{9A19103F-16F7-4668-BE54-9A1E7A4F7556}") = "ShapeCalculator", "ShapeCalculator\ShapeCalculator.csproj", "{A13B29E6-4957-4967-8CDD-F77E8DA6C5DE}"
EndProject
Project("{9A19103F-16F7-4668-BE54-9A1E7A4F7556}") = "SumOfIntegerPair", "SumOfIntegerPair\SumOfIntegerPair.csproj", "{5AFDCF9D-CF0F-4E85-BBAD-64D456C95779}"
EndProject
Project("{9A19103F-16F7-4668-BE54-9A1E7A4F7556}") = "AbsoluteSquare", "AbsoluteSquare\AbsoluteSquare.csproj", "{56089767-BDB3-415C-B218-953DDE90F9C6}"
EndProject
Project("{9A19103F-16F7-4668-BE54-9A1E7A4F7556}") = "CharacterChange", "CharacterChange\CharacterChange.csproj", "{6D81E316-2540-4C9B-A705-4D5F18F1C304}"
EndProject
Project("{9A19103F-16F7-4668-BE54-9A1E7A4F7556}") = "Consonant", "Consonant\Consonant.csproj", "{65333424-5631-41DF-973B-14411B5BBEB6}"
EndProject
Project("{9A19103F-16F7-4668-BE54-9A1E7A4F7556}") = "VotingApp", "VotingApp\VotingApp.csproj", "{EBC9F3C6-A2C9-4E00-8779-34A71581EE60}"
EndProject
Project("{9A19103F-16F7-4668-BE54-9A1E7A4F7556}") = "AtmApp", "AtmApp\AtmApp.csproj", "{20E55052-8754-44A0-B395-E0D1DDDAF0B3}"
EndProject
Project("{9A19103F-16F7-4668-BE54-9A1E7A4F7556}") = "BarkodReader", "BarkodReader\BarkodReader.csproj", "{103A5C59-F3F9-4F2F-BDD5-B1620484957C}"
EndProject
Project("{FAE04EC0-301F-11D3-BF4B-00C04F79EFBC}") = "Exception_Handling", "Exception_Handling\Exception_Handling.csproj", "{541D8489-8510-492B-A340-772CF861577A}"
EndProject
Global
	GlobalSection(SolutionConfigurationPlatforms) = preSolution
		Debug|Any CPU = Debug|Any CPU
		Release|Any CPU = Release|Any CPU
	EndGlobalSection
	GlobalSection(ProjectConfigurationPlatforms) = postSolution
		{8820C4D5-B594-4C7C-82C4-EC5B7EC7D41D}.Debug|Any CPU.ActiveCfg = Debug|Any CPU
		{8820C4D5-B594-4C7C-82C4-EC5B7EC7D41D}.Debug|Any CPU.Build.0 = Debug|Any CPU
		{8820C4D5-B594-4C7C-82C4-EC5B7EC7D41D}.Release|Any CPU.ActiveCfg = Release|Any CPU
		{8820C4D5-B594-4C7C-82C4-EC5B7EC7D41D}.Release|Any CPU.Build.0 = Release|Any CPU
		{FC225BB0-E5DC-4449-A2A0-0D8BA743A6E5}.Debug|Any CPU.ActiveCfg = Debug|Any CPU
		{FC225BB0-E5DC-4449-A2A0-0D8BA743A6E5}.Debug|Any CPU.Build.0 = Debug|Any CPU
		{FC225BB0-E5DC-4449-A2A0-0D8BA743A6E5}.Release|Any CPU.ActiveCfg = Release|Any CPU
		{FC225BB0-E5DC-4449-A2A0-0D8BA743A6E5}.Release|Any CPU.Build.0 = Release|Any CPU
		{3D618DD5-0EAD-4710-AB34-C373C32A2C23}.Debug|Any CPU.ActiveCfg = Debug|Any CPU
		{3D618DD5-0EAD-4710-AB34-C373C32A2C23}.Debug|Any CPU.Build.0 = Debug|Any CPU
		{3D618DD5-0EAD-4710-AB34-C373C32A2C23}.Release|Any CPU.ActiveCfg = Release|Any CPU
		{3D618DD5-0EAD-4710-AB34-C373C32A2C23}.Release|Any CPU.Build.0 = Release|Any CPU
		{B12ED5C8-DDAC-42D9-950E-9DDC4A856D2E}.Debug|Any CPU.ActiveCfg = Debug|Any CPU
		{B12ED5C8-DDAC-42D9-950E-9DDC4A856D2E}.Debug|Any CPU.Build.0 = Debug|Any CPU
		{B12ED5C8-DDAC-42D9-950E-9DDC4A856D2E}.Release|Any CPU.ActiveCfg = Release|Any CPU
		{B12ED5C8-DDAC-42D9-950E-9DDC4A856D2E}.Release|Any CPU.Build.0 = Release|Any CPU
		{D41A1C86-280D-4714-8629-C0FE42E307F1}.Debug|Any CPU.ActiveCfg = Debug|Any CPU
		{D41A1C86-280D-4714-8629-C0FE42E307F1}.Debug|Any CPU.Build.0 = Debug|Any CPU
		{D41A1C86-280D-4714-8629-C0FE42E307F1}.Release|Any CPU.ActiveCfg = Release|Any CPU
		{D41A1C86-280D-4714-8629-C0FE42E307F1}.Release|Any CPU.Build.0 = Release|Any CPU
		{FF931B06-C824-4A39-BDC6-B3E449325DBD}.Debug|Any CPU.ActiveCfg = Debug|Any CPU
		{FF931B06-C824-4A39-BDC6-B3E449325DBD}.Debug|Any CPU.Build.0 = Debug|Any CPU
		{FF931B06-C824-4A39-BDC6-B3E449325DBD}.Release|Any CPU.ActiveCfg = Release|Any CPU
		{FF931B06-C824-4A39-BDC6-B3E449325DBD}.Release|Any CPU.Build.0 = Release|Any CPU
		{2FE91500-3E9F-44DE-AB5F-544A7D435431}.Debug|Any CPU.ActiveCfg = Debug|Any CPU
		{2FE91500-3E9F-44DE-AB5F-544A7D435431}.Debug|Any CPU.Build.0 = Debug|Any CPU
		{2FE91500-3E9F-44DE-AB5F-544A7D435431}.Release|Any CPU.ActiveCfg = Release|Any CPU
		{2FE91500-3E9F-44DE-AB5F-544A7D435431}.Release|Any CPU.Build.0 = Release|Any CPU
		{84AF3EEC-C127-406F-8CCC-5B8C2A0972E4}.Debug|Any CPU.ActiveCfg = Debug|Any CPU
		{84AF3EEC-C127-406F-8CCC-5B8C2A0972E4}.Debug|Any CPU.Build.0 = Debug|Any CPU
		{84AF3EEC-C127-406F-8CCC-5B8C2A0972E4}.Release|Any CPU.ActiveCfg = Release|Any CPU
		{84AF3EEC-C127-406F-8CCC-5B8C2A0972E4}.Release|Any CPU.Build.0 = Release|Any CPU
		{0C6AB9C6-D877-4AC9-B93C-8A07DD37E386}.Debug|Any CPU.ActiveCfg = Debug|Any CPU
		{0C6AB9C6-D877-4AC9-B93C-8A07DD37E386}.Debug|Any CPU.Build.0 = Debug|Any CPU
		{0C6AB9C6-D877-4AC9-B93C-8A07DD37E386}.Release|Any CPU.ActiveCfg = Release|Any CPU
		{0C6AB9C6-D877-4AC9-B93C-8A07DD37E386}.Release|Any CPU.Build.0 = Release|Any CPU
		{957E6503-33CE-4AD6-B0E7-5A9DDB95CE34}.Debug|Any CPU.ActiveCfg = Debug|Any CPU
		{957E6503-33CE-4AD6-B0E7-5A9DDB95CE34}.Debug|Any CPU.Build.0 = Debug|Any CPU
		{957E6503-33CE-4AD6-B0E7-5A9DDB95CE34}.Release|Any CPU.ActiveCfg = Release|Any CPU
		{957E6503-33CE-4AD6-B0E7-5A9DDB95CE34}.Release|Any CPU.Build.0 = Release|Any CPU
		{6E4A404B-3017-44AD-B11E-57805720CF15}.Debug|Any CPU.ActiveCfg = Debug|Any CPU
		{6E4A404B-3017-44AD-B11E-57805720CF15}.Debug|Any CPU.Build.0 = Debug|Any CPU
		{6E4A404B-3017-44AD-B11E-57805720CF15}.Release|Any CPU.ActiveCfg = Release|Any CPU
		{6E4A404B-3017-44AD-B11E-57805720CF15}.Release|Any CPU.Build.0 = Release|Any CPU
		{1D54789D-722E-44B4-ADF3-D76007E33913}.Debug|Any CPU.ActiveCfg = Debug|Any CPU
		{1D54789D-722E-44B4-ADF3-D76007E33913}.Debug|Any CPU.Build.0 = Debug|Any CPU
		{1D54789D-722E-44B4-ADF3-D76007E33913}.Release|Any CPU.ActiveCfg = Release|Any CPU
		{1D54789D-722E-44B4-ADF3-D76007E33913}.Release|Any CPU.Build.0 = Release|Any CPU
		{95BE6FEC-6948-4825-BA9D-D1A9B7BB2658}.Debug|Any CPU.ActiveCfg = Debug|Any CPU
		{95BE6FEC-6948-4825-BA9D-D1A9B7BB2658}.Debug|Any CPU.Build.0 = Debug|Any CPU
		{95BE6FEC-6948-4825-BA9D-D1A9B7BB2658}.Release|Any CPU.ActiveCfg = Release|Any CPU
		{95BE6FEC-6948-4825-BA9D-D1A9B7BB2658}.Release|Any CPU.Build.0 = Release|Any CPU
		{34EB4EE0-E052-4536-9588-5E9CFE4BB5E6}.Debug|Any CPU.ActiveCfg = Debug|Any CPU
		{34EB4EE0-E052-4536-9588-5E9CFE4BB5E6}.Debug|Any CPU.Build.0 = Debug|Any CPU
		{34EB4EE0-E052-4536-9588-5E9CFE4BB5E6}.Release|Any CPU.ActiveCfg = Release|Any CPU
		{34EB4EE0-E052-4536-9588-5E9CFE4BB5E6}.Release|Any CPU.Build.0 = Release|Any CPU
		{1CDFE8B1-27C7-4C73-831B-E626C245733B}.Debug|Any CPU.ActiveCfg = Debug|Any CPU
		{1CDFE8B1-27C7-4C73-831B-E626C245733B}.Debug|Any CPU.Build.0 = Debug|Any CPU
		{1CDFE8B1-27C7-4C73-831B-E626C245733B}.Release|Any CPU.ActiveCfg = Release|Any CPU
		{1CDFE8B1-27C7-4C73-831B-E626C245733B}.Release|Any CPU.Build.0 = Release|Any CPU
		{F916952D-A6F7-40A4-A19A-6798FF4FA175}.Debug|Any CPU.ActiveCfg = Debug|Any CPU
		{F916952D-A6F7-40A4-A19A-6798FF4FA175}.Debug|Any CPU.Build.0 = Debug|Any CPU
		{F916952D-A6F7-40A4-A19A-6798FF4FA175}.Release|Any CPU.ActiveCfg = Release|Any CPU
		{F916952D-A6F7-40A4-A19A-6798FF4FA175}.Release|Any CPU.Build.0 = Release|Any CPU
		{72BBA944-F1CB-464C-8C6E-9FC4781DE818}.Debug|Any CPU.ActiveCfg = Debug|Any CPU
		{72BBA944-F1CB-464C-8C6E-9FC4781DE818}.Debug|Any CPU.Build.0 = Debug|Any CPU
		{72BBA944-F1CB-464C-8C6E-9FC4781DE818}.Release|Any CPU.ActiveCfg = Release|Any CPU
		{72BBA944-F1CB-464C-8C6E-9FC4781DE818}.Release|Any CPU.Build.0 = Release|Any CPU
		{94A0B13E-CBB3-4998-BA9B-F71C822BE77A}.Debug|Any CPU.ActiveCfg = Debug|Any CPU
		{94A0B13E-CBB3-4998-BA9B-F71C822BE77A}.Debug|Any CPU.Build.0 = Debug|Any CPU
		{94A0B13E-CBB3-4998-BA9B-F71C822BE77A}.Release|Any CPU.ActiveCfg = Release|Any CPU
		{94A0B13E-CBB3-4998-BA9B-F71C822BE77A}.Release|Any CPU.Build.0 = Release|Any CPU
		{4B410E1B-8F95-481E-96E9-235FD5F1C840}.Debug|Any CPU.ActiveCfg = Debug|Any CPU
		{4B410E1B-8F95-481E-96E9-235FD5F1C840}.Debug|Any CPU.Build.0 = Debug|Any CPU
		{4B410E1B-8F95-481E-96E9-235FD5F1C840}.Release|Any CPU.ActiveCfg = Release|Any CPU
		{4B410E1B-8F95-481E-96E9-235FD5F1C840}.Release|Any CPU.Build.0 = Release|Any CPU
		{1169A064-B744-477F-9EB9-2B9411682F4F}.Debug|Any CPU.ActiveCfg = Debug|Any CPU
		{1169A064-B744-477F-9EB9-2B9411682F4F}.Debug|Any CPU.Build.0 = Debug|Any CPU
		{1169A064-B744-477F-9EB9-2B9411682F4F}.Release|Any CPU.ActiveCfg = Release|Any CPU
		{1169A064-B744-477F-9EB9-2B9411682F4F}.Release|Any CPU.Build.0 = Release|Any CPU
		{CFF44ABF-9C5D-4B28-A651-41CF3DA996AA}.Debug|Any CPU.ActiveCfg = Debug|Any CPU
		{CFF44ABF-9C5D-4B28-A651-41CF3DA996AA}.Debug|Any CPU.Build.0 = Debug|Any CPU
		{CFF44ABF-9C5D-4B28-A651-41CF3DA996AA}.Release|Any CPU.ActiveCfg = Release|Any CPU
		{CFF44ABF-9C5D-4B28-A651-41CF3DA996AA}.Release|Any CPU.Build.0 = Release|Any CPU
		{8766FB92-C501-4AF0-AB95-447CB0A68E09}.Debug|Any CPU.ActiveCfg = Debug|Any CPU
		{8766FB92-C501-4AF0-AB95-447CB0A68E09}.Debug|Any CPU.Build.0 = Debug|Any CPU
		{8766FB92-C501-4AF0-AB95-447CB0A68E09}.Release|Any CPU.ActiveCfg = Release|Any CPU
		{8766FB92-C501-4AF0-AB95-447CB0A68E09}.Release|Any CPU.Build.0 = Release|Any CPU
		{D1FD5E16-EFC3-44C3-B576-1E353FCECEC3}.Debug|Any CPU.ActiveCfg = Debug|Any CPU
		{D1FD5E16-EFC3-44C3-B576-1E353FCECEC3}.Debug|Any CPU.Build.0 = Debug|Any CPU
		{D1FD5E16-EFC3-44C3-B576-1E353FCECEC3}.Release|Any CPU.ActiveCfg = Release|Any CPU
		{D1FD5E16-EFC3-44C3-B576-1E353FCECEC3}.Release|Any CPU.Build.0 = Release|Any CPU
		{49888482-D0F1-444E-A45C-0AA40557AA8E}.Debug|Any CPU.ActiveCfg = Debug|Any CPU
		{49888482-D0F1-444E-A45C-0AA40557AA8E}.Debug|Any CPU.Build.0 = Debug|Any CPU
		{49888482-D0F1-444E-A45C-0AA40557AA8E}.Release|Any CPU.ActiveCfg = Release|Any CPU
		{49888482-D0F1-444E-A45C-0AA40557AA8E}.Release|Any CPU.Build.0 = Release|Any CPU
		{CA68FD00-2BBA-4541-8572-3F6B853D2753}.Debug|Any CPU.ActiveCfg = Debug|Any CPU
		{CA68FD00-2BBA-4541-8572-3F6B853D2753}.Debug|Any CPU.Build.0 = Debug|Any CPU
		{CA68FD00-2BBA-4541-8572-3F6B853D2753}.Release|Any CPU.ActiveCfg = Release|Any CPU
		{CA68FD00-2BBA-4541-8572-3F6B853D2753}.Release|Any CPU.Build.0 = Release|Any CPU
		{1B9DDD8D-D2FD-48AA-BB5E-9CEC86C83B0B}.Debug|Any CPU.ActiveCfg = Debug|Any CPU
		{1B9DDD8D-D2FD-48AA-BB5E-9CEC86C83B0B}.Debug|Any CPU.Build.0 = Debug|Any CPU
		{1B9DDD8D-D2FD-48AA-BB5E-9CEC86C83B0B}.Release|Any CPU.ActiveCfg = Release|Any CPU
		{1B9DDD8D-D2FD-48AA-BB5E-9CEC86C83B0B}.Release|Any CPU.Build.0 = Release|Any CPU
		{2BEC9137-7FE9-471E-95D3-F5FF45FB7BB0}.Debug|Any CPU.ActiveCfg = Debug|Any CPU
		{2BEC9137-7FE9-471E-95D3-F5FF45FB7BB0}.Debug|Any CPU.Build.0 = Debug|Any CPU
		{2BEC9137-7FE9-471E-95D3-F5FF45FB7BB0}.Release|Any CPU.ActiveCfg = Release|Any CPU
		{2BEC9137-7FE9-471E-95D3-F5FF45FB7BB0}.Release|Any CPU.Build.0 = Release|Any CPU
		{25344E0F-83AE-42AA-8E16-78A58948FFDE}.Debug|Any CPU.ActiveCfg = Debug|Any CPU
		{25344E0F-83AE-42AA-8E16-78A58948FFDE}.Debug|Any CPU.Build.0 = Debug|Any CPU
		{25344E0F-83AE-42AA-8E16-78A58948FFDE}.Release|Any CPU.ActiveCfg = Release|Any CPU
		{25344E0F-83AE-42AA-8E16-78A58948FFDE}.Release|Any CPU.Build.0 = Release|Any CPU
		{E6BC8729-B732-42B0-8F7A-29FD9F68B753}.Debug|Any CPU.ActiveCfg = Debug|Any CPU
		{E6BC8729-B732-42B0-8F7A-29FD9F68B753}.Debug|Any CPU.Build.0 = Debug|Any CPU
		{E6BC8729-B732-42B0-8F7A-29FD9F68B753}.Release|Any CPU.ActiveCfg = Release|Any CPU
		{E6BC8729-B732-42B0-8F7A-29FD9F68B753}.Release|Any CPU.Build.0 = Release|Any CPU
		{D7F212E2-31F0-4435-8D81-E7A132DEFA99}.Debug|Any CPU.ActiveCfg = Debug|Any CPU
		{D7F212E2-31F0-4435-8D81-E7A132DEFA99}.Debug|Any CPU.Build.0 = Debug|Any CPU
		{D7F212E2-31F0-4435-8D81-E7A132DEFA99}.Release|Any CPU.ActiveCfg = Release|Any CPU
		{D7F212E2-31F0-4435-8D81-E7A132DEFA99}.Release|Any CPU.Build.0 = Release|Any CPU
		{A13B29E6-4957-4967-8CDD-F77E8DA6C5DE}.Debug|Any CPU.ActiveCfg = Debug|Any CPU
		{A13B29E6-4957-4967-8CDD-F77E8DA6C5DE}.Debug|Any CPU.Build.0 = Debug|Any CPU
		{A13B29E6-4957-4967-8CDD-F77E8DA6C5DE}.Release|Any CPU.ActiveCfg = Release|Any CPU
		{A13B29E6-4957-4967-8CDD-F77E8DA6C5DE}.Release|Any CPU.Build.0 = Release|Any CPU
		{5AFDCF9D-CF0F-4E85-BBAD-64D456C95779}.Debug|Any CPU.ActiveCfg = Debug|Any CPU
		{5AFDCF9D-CF0F-4E85-BBAD-64D456C95779}.Debug|Any CPU.Build.0 = Debug|Any CPU
		{5AFDCF9D-CF0F-4E85-BBAD-64D456C95779}.Release|Any CPU.ActiveCfg = Release|Any CPU
		{5AFDCF9D-CF0F-4E85-BBAD-64D456C95779}.Release|Any CPU.Build.0 = Release|Any CPU
		{56089767-BDB3-415C-B218-953DDE90F9C6}.Debug|Any CPU.ActiveCfg = Debug|Any CPU
		{56089767-BDB3-415C-B218-953DDE90F9C6}.Debug|Any CPU.Build.0 = Debug|Any CPU
		{56089767-BDB3-415C-B218-953DDE90F9C6}.Release|Any CPU.ActiveCfg = Release|Any CPU
		{56089767-BDB3-415C-B218-953DDE90F9C6}.Release|Any CPU.Build.0 = Release|Any CPU
		{6D81E316-2540-4C9B-A705-4D5F18F1C304}.Debug|Any CPU.ActiveCfg = Debug|Any CPU
		{6D81E316-2540-4C9B-A705-4D5F18F1C304}.Debug|Any CPU.Build.0 = Debug|Any CPU
		{6D81E316-2540-4C9B-A705-4D5F18F1C304}.Release|Any CPU.ActiveCfg = Release|Any CPU
		{6D81E316-2540-4C9B-A705-4D5F18F1C304}.Release|Any CPU.Build.0 = Release|Any CPU
		{65333424-5631-41DF-973B-14411B5BBEB6}.Debug|Any CPU.ActiveCfg = Debug|Any CPU
		{65333424-5631-41DF-973B-14411B5BBEB6}.Debug|Any CPU.Build.0 = Debug|Any CPU
		{65333424-5631-41DF-973B-14411B5BBEB6}.Release|Any CPU.ActiveCfg = Release|Any CPU
		{65333424-5631-41DF-973B-14411B5BBEB6}.Release|Any CPU.Build.0 = Release|Any CPU
		{EBC9F3C6-A2C9-4E00-8779-34A71581EE60}.Debug|Any CPU.ActiveCfg = Debug|Any CPU
		{EBC9F3C6-A2C9-4E00-8779-34A71581EE60}.Debug|Any CPU.Build.0 = Debug|Any CPU
		{EBC9F3C6-A2C9-4E00-8779-34A71581EE60}.Release|Any CPU.ActiveCfg = Release|Any CPU
		{EBC9F3C6-A2C9-4E00-8779-34A71581EE60}.Release|Any CPU.Build.0 = Release|Any CPU
		{20E55052-8754-44A0-B395-E0D1DDDAF0B3}.Debug|Any CPU.ActiveCfg = Debug|Any CPU
		{20E55052-8754-44A0-B395-E0D1DDDAF0B3}.Debug|Any CPU.Build.0 = Debug|Any CPU
		{20E55052-8754-44A0-B395-E0D1DDDAF0B3}.Release|Any CPU.ActiveCfg = Release|Any CPU
		{20E55052-8754-44A0-B395-E0D1DDDAF0B3}.Release|Any CPU.Build.0 = Release|Any CPU
		{103A5C59-F3F9-4F2F-BDD5-B1620484957C}.Debug|Any CPU.ActiveCfg = Debug|Any CPU
		{103A5C59-F3F9-4F2F-BDD5-B1620484957C}.Debug|Any CPU.Build.0 = Debug|Any CPU
		{103A5C59-F3F9-4F2F-BDD5-B1620484957C}.Release|Any CPU.ActiveCfg = Release|Any CPU
		{103A5C59-F3F9-4F2F-BDD5-B1620484957C}.Release|Any CPU.Build.0 = Release|Any CPU
		{541D8489-8510-492B-A340-772CF861577A}.Debug|Any CPU.ActiveCfg = Debug|Any CPU
		{541D8489-8510-492B-A340-772CF861577A}.Debug|Any CPU.Build.0 = Debug|Any CPU
		{541D8489-8510-492B-A340-772CF861577A}.Release|Any CPU.ActiveCfg = Release|Any CPU
		{541D8489-8510-492B-A340-772CF861577A}.Release|Any CPU.Build.0 = Release|Any CPU
	EndGlobalSection
	GlobalSection(SolutionProperties) = preSolution
		HideSolutionNode = FALSE
	EndGlobalSection
	GlobalSection(ExtensibilityGlobals) = postSolution
		SolutionGuid = {C9300AA7-DD26-449E-A035-C58D606E7C05}
	EndGlobalSection
EndGlobal
